
Microsoft Visual Studio Solution File, Format Version 12.00
# Visual Studio Version 16
VisualStudioVersion = 16.0.28803.352
MinimumVisualStudioVersion = 10.0.40219.1
Project("{FAE04EC0-301F-11D3-BF4B-00C04F79EFBC}") = "MVPPattern", "MVPPattern\MVPPattern.csproj", "{95FD54C2-A412-40CA-85E1-5569CCF28DA6}"
EndProject
Global
	GlobalSection(SolutionConfigurationPlatforms) = preSolution
		Debug|Any CPU = Debug|Any CPU
		Release|Any CPU = Release|Any CPU
	EndGlobalSection
	GlobalSection(ProjectConfigurationPlatforms) = postSolution
		{95FD54C2-A412-40CA-85E1-5569CCF28DA6}.Debug|Any CPU.ActiveCfg = Debug|Any CPU
		{95FD54C2-A412-40CA-85E1-5569CCF28DA6}.Debug|Any CPU.Build.0 = Debug|Any CPU
		{95FD54C2-A412-40CA-85E1-5569CCF28DA6}.Release|Any CPU.ActiveCfg = Release|Any CPU
		{95FD54C2-A412-40CA-85E1-5569CCF28DA6}.Release|Any CPU.Build.0 = Release|Any CPU
	EndGlobalSection
	GlobalSection(SolutionProperties) = preSolution
		HideSolutionNode = FALSE
	EndGlobalSection
	GlobalSection(ExtensibilityGlobals) = postSolution
		SolutionGuid = {DB1F97A5-18F5-4AF1-9172-14AF9AEF23C4}
	EndGlobalSection
EndGlobal
